
Microsoft Visual Studio Solution File, Format Version 12.00
# Visual Studio Version 17
VisualStudioVersion = 17.3.32922.545
MinimumVisualStudioVersion = 10.0.40219.1
Project("{FAE04EC0-301F-11D3-BF4B-00C04F79EFBC}") = "cöpten adam", "cöpten adam\cöpten adam.csproj", "{11B162B2-1366-457F-9FED-6567CA94AB67}"
EndProject
Global
	GlobalSection(SolutionConfigurationPlatforms) = preSolution
		Debug|Any CPU = Debug|Any CPU
		Release|Any CPU = Release|Any CPU
	EndGlobalSection
	GlobalSection(ProjectConfigurationPlatforms) = postSolution
		{11B162B2-1366-457F-9FED-6567CA94AB67}.Debug|Any CPU.ActiveCfg = Debug|Any CPU
		{11B162B2-1366-457F-9FED-6567CA94AB67}.Debug|Any CPU.Build.0 = Debug|Any CPU
		{11B162B2-1366-457F-9FED-6567CA94AB67}.Release|Any CPU.ActiveCfg = Release|Any CPU
		{11B162B2-1366-457F-9FED-6567CA94AB67}.Release|Any CPU.Build.0 = Release|Any CPU
	EndGlobalSection
	GlobalSection(SolutionProperties) = preSolution
		HideSolutionNode = FALSE
	EndGlobalSection
	GlobalSection(ExtensibilityGlobals) = postSolution
		SolutionGuid = {12A3CD26-A77E-4055-961E-7D841DF0E717}
	EndGlobalSection
EndGlobal
